# THIS IS AN AUTOGENERATED FILE. DO NOT EDIT THIS FILE DIRECTLY.
# yarn lockfile v1


"@ahrefs/bs-atdgen-codec-runtime@^2.0.1":
  version "2.0.1"
  resolved "https://registry.yarnpkg.com/@ahrefs/bs-atdgen-codec-runtime/-/bs-atdgen-codec-runtime-2.0.1.tgz#9d7dff002bee1f01d0b687463e75747e5c2f8c2e"
  integrity sha512-gmpr9XSUvKrh1ylZ4AKZIwTUojQeC4hNKSSkOtqc++txTO6iQFkLuC93D9PKH5ykMMuiFE1g5ELF7JTiRB0gGA==
  dependencies:
    "@glennsl/bs-json" "^5.0.0"

"@glennsl/bs-json@^5.0.0":
  version "5.0.4"
  resolved "https://registry.yarnpkg.com/@glennsl/bs-json/-/bs-json-5.0.4.tgz#8a80906f3b5e04d78dc06722e5987ff6499c89a8"
  integrity sha512-Th9DetZjRlMZrb74kgGJ44oWcoFyOTE884WlSuXft0Cd+J09vHRxiB7eVyK7Gthb4cSevsBBJDHYAbGGL25wPw==

"@jchavarri/bs-atdgen-generator@^0.0.9":
  version "0.0.9"
  resolved "https://registry.yarnpkg.com/@jchavarri/bs-atdgen-generator/-/bs-atdgen-generator-0.0.9.tgz#023065ea73e5f62894acd1c61cc4209cae96f40e"
  integrity sha512-YtNBwB2bgQlPb6ZAVCZUBGempY36UbrgqSXE6iqkk4EghMcaq/jL5F9YGKlQFt6zDulm4qAuTQtMWAkJP6HO1w==

bs-fetch@^0.6.2:
  version "0.6.2"
  resolved "https://registry.yarnpkg.com/bs-fetch/-/bs-fetch-0.6.2.tgz#37d982e9f79b9bc44c23e87ae78ccbee1f869adf"
  integrity sha512-VXEjp8kY3vHPckaoy3d96Bx0KYjJAPLNISBwfpwMN26K6DtuZYwI2HKhx7zeHBajz1bRArfx7O8OOLcdtujMvg==

bs-platform@9.0.2:
  version "9.0.2"
  resolved "https://registry.yarnpkg.com/bs-platform/-/bs-platform-9.0.2.tgz#a6eac70eb8924a322556dacaccbfbc9b2a0d3a37"
  integrity sha512-Ye9JqJ4Oa7mcjjoOVRYI8Uc2Cf8N7jQLWDcdUplY7996d/YErSR7WitmV7XnSwr4EvdrbwjEsg1NxNjUQv3ChA==

isomorphic-fetch@^3.0.0:
  version "3.0.0"
  resolved "https://registry.yarnpkg.com/isomorphic-fetch/-/isomorphic-fetch-3.0.0.tgz#0267b005049046d2421207215d45d6a262b8b8b4"
  integrity sha512-qvUtwJ3j6qwsF3jLxkZ72qCgjMysPzDfeV240JHiGZsANBYd+EEuu35v7dfrJ9Up0Ak07D7GGSkGhCHTqg/5wA==
  dependencies:
    node-fetch "^2.6.1"
    whatwg-fetch "^3.4.1"

node-fetch@^2.6.1:
  version "2.6.1"
  resolved "https://registry.yarnpkg.com/node-fetch/-/node-fetch-2.6.1.tgz#045bd323631f76ed2e2b55573394416b639a0052"
  integrity sha512-V4aYg89jEoVRxRb2fJdAg8FHvI7cEyYdVAh94HH0UIK8oJxUfkjlDQN9RbMx+bEjP7+ggMiFRprSti032Oipxw==

whatwg-fetch@^3.4.1:
  version "3.6.2"
  resolved "https://registry.yarnpkg.com/whatwg-fetch/-/whatwg-fetch-3.6.2.tgz#dced24f37f2624ed0281725d51d0e2e3fe677f8c"
  integrity sha512-bJlen0FcuU/0EMLrdbJ7zOnW6ITZLrZMIarMUVmdKtsGvZna8vxKYaexICWPfZ8qwf9fzNq+UEIZrnSaApt6RA==
